PODS:
  - SHMessageUIBlocks (1.0.0)
  - SHNavigationControllerBlocks (1.0.0)

DEPENDENCIES:
  - SHMessageUIBlocks (from `../`)
  - SHNavigationControllerBlocks (from `https://github.com/seivan/SHNavigationControllerBlocks.git`)

EXTERNAL SOURCES:
  SHMessageUIBlocks:
    :path: ../
  SHNavigationControllerBlocks:
    :git: https://github.com/seivan/SHNavigationControllerBlocks.git

SPEC CHECKSUMS:
  SHMessageUIBlocks: 577675aee58f79301e2177b32ff4e425412efd4c
  SHNavigationControllerBlocks: 97d2f424fe21ca47ab1c212bf904db36c72fd582

COCOAPODS: 0.22.2
