PODS:
  - SHMessageUIBlocks (1.0.0)
  - SHNavigationControllerBlocks (1.0.0)

DEPENDENCIES:
  - SHMessageUIBlocks (from `../`)
  - SHNavigationControllerBlocks (from `https://github.com/seivan/SHNavigationControllerBlocks.git`)

EXTERNAL SOURCES:
  SHMessageUIBlocks:
    :path: ../
  SHNavigationControllerBlocks:
    :git: https://github.com/seivan/SHNavigationControllerBlocks.git

SPEC CHECKSUMS:
  SHMessageUIBlocks: 577675aee58f79301e2177b32ff4e425412efd4c
  SHNavigationControllerBlocks: 4d152f2cdd166a3766e0b4f16ef705eef8a6f88c

COCOAPODS: 0.22.2
